
Microsoft Visual Studio Solution File, Format Version 12.00
# Visual Studio Version 17
VisualStudioVersion = 17.9.34728.123
MinimumVisualStudioVersion = 10.0.40219.1
Project("{8BC9CEB8-8B4A-11D0-8D11-00A0C91BC942}") = "Project3Final", "Project3Final\Project3Final.vcxproj", "{BF4597C1-55F5-4DAE-821D-0343B791D1D8}"
EndProject
Global
	GlobalSection(SolutionConfigurationPlatforms) = preSolution
		Debug|x64 = Debug|x64
		Debug|x86 = Debug|x86
		Release|x64 = Release|x64
		Release|x86 = Release|x86
	EndGlobalSection
	GlobalSection(ProjectConfigurationPlatforms) = postSolution
		{BF4597C1-55F5-4DAE-821D-0343B791D1D8}.Debug|x64.ActiveCfg = Debug|x64
		{BF4597C1-55F5-4DAE-821D-0343B791D1D8}.Debug|x64.Build.0 = Debug|x64
		{BF4597C1-55F5-4DAE-821D-0343B791D1D8}.Debug|x86.ActiveCfg = Debug|Win32
		{BF4597C1-55F5-4DAE-821D-0343B791D1D8}.Debug|x86.Build.0 = Debug|Win32
		{BF4597C1-55F5-4DAE-821D-0343B791D1D8}.Release|x64.ActiveCfg = Release|x64
		{BF4597C1-55F5-4DAE-821D-0343B791D1D8}.Release|x64.Build.0 = Release|x64
		{BF4597C1-55F5-4DAE-821D-0343B791D1D8}.Release|x86.ActiveCfg = Release|Win32
		{BF4597C1-55F5-4DAE-821D-0343B791D1D8}.Release|x86.Build.0 = Release|Win32
	EndGlobalSection
	GlobalSection(SolutionProperties) = preSolution
		HideSolutionNode = FALSE
	EndGlobalSection
	GlobalSection(ExtensibilityGlobals) = postSolution
		SolutionGuid = {E7D10C1B-660E-46BF-AA48-25D8CA906DCA}
	EndGlobalSection
EndGlobal
